{
  "name": "appone",
  "requires": true,
  "lockfileVersion": 1,
  "dependencies": {
    "@capacitor/android": {
      "version": "3.5.0",
      "resolved": "https://registry.npmjs.org/@capacitor/android/-/android-3.5.0.tgz",
      "integrity": "sha512-1SiTMMdd+urvDRrSLDmrFUU9Ldm8B2mUzVNvx8u1zgagZVPNQLoMY4WX8EkpPjt4+D6YIoBjdqb72LID9Iip6A=="
    }
  }
}
